
Microsoft Visual Studio Solution File, Format Version 12.00
# Visual Studio Version 17
VisualStudioVersion = 17.4.33122.133
MinimumVisualStudioVersion = 10.0.40219.1
Project("{FAE04EC0-301F-11D3-BF4B-00C04F79EFBC}") = "Blox Fruits Parser", "Blox Fruits Parser.csproj", "{F81250B7-BE17-4CDA-81A8-66AED0AFDD39}"
EndProject
Global
	GlobalSection(SolutionConfigurationPlatforms) = preSolution
		Debug|Any CPU = Debug|Any CPU
		Release|Any CPU = Release|Any CPU
	EndGlobalSection
	GlobalSection(ProjectConfigurationPlatforms) = postSolution
		{F81250B7-BE17-4CDA-81A8-66AED0AFDD39}.Debug|Any CPU.ActiveCfg = Debug|Any CPU
		{F81250B7-BE17-4CDA-81A8-66AED0AFDD39}.Debug|Any CPU.Build.0 = Debug|Any CPU
		{F81250B7-BE17-4CDA-81A8-66AED0AFDD39}.Release|Any CPU.ActiveCfg = Release|Any CPU
		{F81250B7-BE17-4CDA-81A8-66AED0AFDD39}.Release|Any CPU.Build.0 = Release|Any CPU
	EndGlobalSection
	GlobalSection(SolutionProperties) = preSolution
		HideSolutionNode = FALSE
	EndGlobalSection
	GlobalSection(ExtensibilityGlobals) = postSolution
		SolutionGuid = {118D9D02-D397-4792-BF8D-14B5A19D9B4E}
	EndGlobalSection
EndGlobal
